
Microsoft Visual Studio Solution File, Format Version 12.00
# Visual Studio 15
VisualStudioVersion = 15.0.27512.0
MinimumVisualStudioVersion = 10.0.40219.1
Project("{FAE04EC0-301F-11D3-BF4B-00C04F79EFBC}") = "BlazorWeather.Server", "BlazorWeather\BlazorWeather.Server\BlazorWeather.Server.csproj", "{431D2F2C-913A-45AF-9C36-3B4CD13F485B}"
EndProject
Project("{FAE04EC0-301F-11D3-BF4B-00C04F79EFBC}") = "BlazorWeather.Client", "BlazorWeather\BlazorWeather.Client\BlazorWeather.Client.csproj", "{B071BA9B-612F-4DA6-94CA-C3E318578D71}"
EndProject
Project("{FAE04EC0-301F-11D3-BF4B-00C04F79EFBC}") = "BlazorWeather.Shared", "BlazorWeather\BlazorWeather.Shared\BlazorWeather.Shared.csproj", "{88CBC643-8093-43E5-B862-478A4F948013}"
EndProject
Global
	GlobalSection(SolutionConfigurationPlatforms) = preSolution
		Debug|Any CPU = Debug|Any CPU
		Release|Any CPU = Release|Any CPU
	EndGlobalSection
	GlobalSection(ProjectConfigurationPlatforms) = postSolution
		{431D2F2C-913A-45AF-9C36-3B4CD13F485B}.Debug|Any CPU.ActiveCfg = Debug|Any CPU
		{431D2F2C-913A-45AF-9C36-3B4CD13F485B}.Debug|Any CPU.Build.0 = Debug|Any CPU
		{431D2F2C-913A-45AF-9C36-3B4CD13F485B}.Release|Any CPU.ActiveCfg = Release|Any CPU
		{431D2F2C-913A-45AF-9C36-3B4CD13F485B}.Release|Any CPU.Build.0 = Release|Any CPU
		{B071BA9B-612F-4DA6-94CA-C3E318578D71}.Debug|Any CPU.ActiveCfg = Debug|Any CPU
		{B071BA9B-612F-4DA6-94CA-C3E318578D71}.Debug|Any CPU.Build.0 = Debug|Any CPU
		{B071BA9B-612F-4DA6-94CA-C3E318578D71}.Release|Any CPU.ActiveCfg = Release|Any CPU
		{B071BA9B-612F-4DA6-94CA-C3E318578D71}.Release|Any CPU.Build.0 = Release|Any CPU
		{88CBC643-8093-43E5-B862-478A4F948013}.Debug|Any CPU.ActiveCfg = Debug|Any CPU
		{88CBC643-8093-43E5-B862-478A4F948013}.Debug|Any CPU.Build.0 = Debug|Any CPU
		{88CBC643-8093-43E5-B862-478A4F948013}.Release|Any CPU.ActiveCfg = Release|Any CPU
		{88CBC643-8093-43E5-B862-478A4F948013}.Release|Any CPU.Build.0 = Release|Any CPU
	EndGlobalSection
	GlobalSection(SolutionProperties) = preSolution
		HideSolutionNode = FALSE
	EndGlobalSection
	GlobalSection(ExtensibilityGlobals) = postSolution
		SolutionGuid = {ACCE767E-EA42-4E2E-B156-93E49F4DA7E6}
	EndGlobalSection
EndGlobal
